github.com/google/uuid v1.6.0 h1:NIvaJDMOsjHA8n1jAhLSgzrAzy1Hgr+hNrb57e+94F0=
github.com/google/uuid v1.6.0/go.mod h1:TIyPZe4MgqvfeYDBFedMoGGpEw/LqOeaOT+nhxU+yHo=
k8s.io/apimachinery v0.37.0 h1:Np2AbDtf8x6RDHiD8T9LbKJ9gaegeVNa8yNm5FuGKm0=
k8s.io/apimachinery v0.37.0/go.mod h1:RN3nhprFSCxOi5Selxd7oMTXOe/c+ZbcE7Im+TS2zkE=
